
Microsoft Visual Studio Solution File, Format Version 12.00
# Visual Studio Version 16
VisualStudioVersion = 16.0.28729.10
MinimumVisualStudioVersion = 10.0.40219.1
Project("{FAE04EC0-301F-11D3-BF4B-00C04F79EFBC}") = "ROTMG Ping Checker", "ROTMG Ping Checker\ROTMG Ping Checker.csproj", "{B84EC81F-A862-4B86-A9C0-4D410912DCA1}"
EndProject
Global
	GlobalSection(SolutionConfigurationPlatforms) = preSolution
		Debug|Any CPU = Debug|Any CPU
		Release|Any CPU = Release|Any CPU
	EndGlobalSection
	GlobalSection(ProjectConfigurationPlatforms) = postSolution
		{B84EC81F-A862-4B86-A9C0-4D410912DCA1}.Debug|Any CPU.ActiveCfg = Debug|Any CPU
		{B84EC81F-A862-4B86-A9C0-4D410912DCA1}.Debug|Any CPU.Build.0 = Debug|Any CPU
		{B84EC81F-A862-4B86-A9C0-4D410912DCA1}.Release|Any CPU.ActiveCfg = Release|Any CPU
		{B84EC81F-A862-4B86-A9C0-4D410912DCA1}.Release|Any CPU.Build.0 = Release|Any CPU
	EndGlobalSection
	GlobalSection(SolutionProperties) = preSolution
		HideSolutionNode = FALSE
	EndGlobalSection
	GlobalSection(ExtensibilityGlobals) = postSolution
		SolutionGuid = {D01A0EC3-7C56-48CC-B4ED-1A73AE2370F8}
	EndGlobalSection
EndGlobal
